// !$*UTF8*$!
{
	archiveVersion = 1;
	classes = {
	};
	objectVersion = 77;
	objects = {

/* Begin PBXBuildFile section */
		AB05AE832F50302C009916D8 /* WidgetKit.framework in Frameworks */ = {isa = PBXBuildFile; fileRef = AB05AE822F50302C009916D8 /* WidgetKit.framework */; };
		AB05AE852F50302C009916D8 /* SwiftUI.framework in Frameworks */ = {isa = PBXBuildFile; fileRef = AB05AE842F50302C009916D8 /* SwiftUI.framework */; };
		AB05AE922F50302C009916D8 /* CountdownLiveActivityExtension.appex in Embed Foundation Extensions */ = {isa = PBXBuildFile; fileRef = AB05AE802F50302C009916D8 /* CountdownLiveActivityExtension.appex */; settings = {ATTRIBUTES = (RemoveHeadersOnCopy, ); }; };
		ABA409652F746F70006867F4 /* WidgetKit.framework in Frameworks */ = {isa = PBXBuildFile; fileRef = AB05AE822F50302C009916D8 /* WidgetKit.framework */; };
		ABA409662F746F70006867F4 /* SwiftUI.framework in Frameworks */ = {isa = PBXBuildFile; fileRef = AB05AE842F50302C009916D8 /* SwiftUI.framework */; };
		ABA409712F746F70006867F4 /* FutureAlarmWidgetExtension.appex in Embed Foundation Extensions */ = {isa = PBXBuildFile; fileRef = ABA409642F746F70006867F4 /* FutureAlarmWidgetExtension.appex */; settings = {ATTRIBUTES = (RemoveHeadersOnCopy, ); }; };
/* End PBXBuildFile section */

/* Begin PBXContainerItemProxy section */
		AB05AE902F50302C009916D8 /* PBXContainerItemProxy */ = {
			isa = PBXContainerItemProxy;
			containerPortal = AB9FCCB72F4F797000410048 /* Project object */;
			proxyType = 1;
			remoteGlobalIDString = AB05AE7F2F50302C009916D8;
			remoteInfo = CountdownLiveActivityExtension;
		};
		ABA4096F2F746F70006867F4 /* PBXContainerItemProxy */ = {
			isa = PBXContainerItemProxy;
			containerPortal = AB9FCCB72F4F797000410048 /* Project object */;
			proxyType = 1;
			remoteGlobalIDString = ABA409632F746F70006867F4;
			remoteInfo = FutureAlarmWidgetExtension;
		};
/* End PBXContainerItemProxy section */

/* Begin PBXCopyFilesBuildPhase section */
		AB05AE932F50302C009916D8 /* Embed Foundation Extensions */ = {
			isa = PBXCopyFilesBuildPhase;
			buildActionMask = 2147483647;
			dstPath = "";
			dstSubfolderSpec = 13;
			files = (
				ABA409712F746F70006867F4 /* FutureAlarmWidgetExtension.appex in Embed Foundation Extensions */,
				AB05AE922F50302C009916D8 /* CountdownLiveActivityExtension.appex in Embed Foundation Extensions */,
			);
			name = "Embed Foundation Extensions";
			runOnlyForDeploymentPostprocessing = 0;
		};
/* End PBXCopyFilesBuildPhase section */

/* Begin PBXFileReference section */
		AB05AE802F50302C009916D8 /* CountdownLiveActivityExtension.appex */ = {isa = PBXFileReference; explicitFileType = "wrapper.app-extension"; includeInIndex = 0; path = CountdownLiveActivityExtension.appex; sourceTree = BUILT_PRODUCTS_DIR; };
		AB05AE822F50302C009916D8 /* WidgetKit.framework */ = {isa = PBXFileReference; lastKnownFileType = wrapper.framework; name = WidgetKit.framework; path = System/Library/Frameworks/WidgetKit.framework; sourceTree = SDKROOT; };
		AB05AE842F50302C009916D8 /* SwiftUI.framework */ = {isa = PBXFileReference; lastKnownFileType = wrapper.framework; name = SwiftUI.framework; path = System/Library/Frameworks/SwiftUI.framework; sourceTree = SDKROOT; };
		AB9FCCBF2F4F797000410048 /* MyAlarmApp.app */ = {isa = PBXFileReference; explicitFileType = wrapper.application; includeInIndex = 0; path = MyAlarmApp.app; sourceTree = BUILT_PRODUCTS_DIR; };
		AB9FFD482F71E12500307894 /* FutureAlarmWidgetExtension.entitlements */ = {isa = PBXFileReference; lastKnownFileType = text.plist.entitlements; path = FutureAlarmWidgetExtension.entitlements; sourceTree = "<group>"; };
		ABA409642F746F70006867F4 /* FutureAlarmWidgetExtension.appex */ = {isa = PBXFileReference; explicitFileType = "wrapper.app-extension"; includeInIndex = 0; path = FutureAlarmWidgetExtension.appex; sourceTree = BUILT_PRODUCTS_DIR; };
		ABD399B52F85BC3600B09405 /* CountdownLiveActivityExtension.entitlements */ = {isa = PBXFileReference; lastKnownFileType = text.plist.entitlements; path = CountdownLiveActivityExtension.entitlements; sourceTree = "<group>"; };
/* End PBXFileReference section */

/* Begin PBXFileSystemSynchronizedBuildFileExceptionSet section */
		AB05AE972F50302C009916D8 /* Exceptions for "CountdownLiveActivity" folder in "CountdownLiveActivityExtension" target */ = {
			isa = PBXFileSystemSynchronizedBuildFileExceptionSet;
			membershipExceptions = (
				Info.plist,
			);
			target = AB05AE7F2F50302C009916D8 /* CountdownLiveActivityExtension */;
		};
		AB05AE9B2F503300009916D8 /* Exceptions for "MyAlarmApp" folder in "CountdownLiveActivityExtension" target */ = {
			isa = PBXFileSystemSynchronizedBuildFileExceptionSet;
			membershipExceptions = (
				Models/AlarmMetadata.swift,
				Services/TimerIntents.swift,
				sounds/1985_ring2.caf,
				sounds/bells.caf,
				"sounds/bird-sound.caf",
				sounds/childhood.caf,
				"sounds/morning-birds.caf",
				sounds/nokia.caf,
				sounds/pure.caf,
				sounds/rings.caf,
				sounds/soft.caf,
				sounds/sony.caf,
			);
			target = AB05AE7F2F50302C009916D8 /* CountdownLiveActivityExtension */;
		};
		AB9FCCDA2F4F7AC700410048 /* Exceptions for "MyAlarmApp" folder in "MyAlarmApp" target */ = {
			isa = PBXFileSystemSynchronizedBuildFileExceptionSet;
			membershipExceptions = (
				Info.plist,
			);
			target = AB9FCCBE2F4F797000410048 /* MyAlarmApp */;
		};
		ABA409752F746F70006867F4 /* Exceptions for "FutureAlarmWidget" folder in "FutureAlarmWidgetExtension" target */ = {
			isa = PBXFileSystemSynchronizedBuildFileExceptionSet;
			membershipExceptions = (
				Info.plist,
			);
			target = ABA409632F746F70006867F4 /* FutureAlarmWidgetExtension */;
		};
/* End PBXFileSystemSynchronizedBuildFileExceptionSet section */

/* Begin PBXFileSystemSynchronizedRootGroup section */
		AB05AE862F50302C009916D8 /* CountdownLiveActivity */ = {
			isa = PBXFileSystemSynchronizedRootGroup;
			exceptions = (
				AB05AE972F50302C009916D8 /* Exceptions for "CountdownLiveActivity" folder in "CountdownLiveActivityExtension" target */,
			);
			path = CountdownLiveActivity;
			sourceTree = "<group>";
		};
		AB9FCCC12F4F797000410048 /* MyAlarmApp */ = {
			isa = PBXFileSystemSynchronizedRootGroup;
			exceptions = (
				AB9FCCDA2F4F7AC700410048 /* Exceptions for "MyAlarmApp" folder in "MyAlarmApp" target */,
				AB05AE9B2F503300009916D8 /* Exceptions for "MyAlarmApp" folder in "CountdownLiveActivityExtension" target */,
			);
			path = MyAlarmApp;
			sourceTree = "<group>";
		};
		ABA409672F746F70006867F4 /* FutureAlarmWidget */ = {
			isa = PBXFileSystemSynchronizedRootGroup;
			exceptions = (
				ABA409752F746F70006867F4 /* Exceptions for "FutureAlarmWidget" folder in "FutureAlarmWidgetExtension" target */,
			);
			path = FutureAlarmWidget;
			sourceTree = "<group>";
		};
/* End PBXFileSystemSynchronizedRootGroup section */

/* Begin PBXFrameworksBuildPhase section */
		AB05AE7D2F50302C009916D8 /* Frameworks */ = {
			isa = PBXFrameworksBuildPhase;
			buildActionMask = 2147483647;
			files = (
				AB05AE852F50302C009916D8 /* SwiftUI.framework in Frameworks */,
				AB05AE832F50302C009916D8 /* WidgetKit.framework in Frameworks */,
			);
			runOnlyForDeploymentPostprocessing = 0;
		};
		AB9FCCBC2F4F797000410048 /* Frameworks */ = {
			isa = PBXFrameworksBuildPhase;
			buildActionMask = 2147483647;
			files = (
			);
			runOnlyForDeploymentPostprocessing = 0;
		};
		ABA409612F746F70006867F4 /* Frameworks */ = {
			isa = PBXFrameworksBuildPhase;
			buildActionMask = 2147483647;
			files = (
				ABA409662F746F70006867F4 /* SwiftUI.framework in Frameworks */,
				ABA409652F746F70006867F4 /* WidgetKit.framework in Frameworks */,
			);
			runOnlyForDeploymentPostprocessing = 0;
		};
/* End PBXFrameworksBuildPhase section */

/* Begin PBXGroup section */
		AB05AE812F50302C009916D8 /* Frameworks */ = {
			isa = PBXGroup;
			children = (
				AB05AE822F50302C009916D8 /* WidgetKit.framework */,
				AB05AE842F50302C009916D8 /* SwiftUI.framework */,
			);
			name = Frameworks;
			sourceTree = "<group>";
		};
		AB9FCCB62F4F797000410048 = {
			isa = PBXGroup;
			children = (
				ABD399B52F85BC3600B09405 /* CountdownLiveActivityExtension.entitlements */,
				AB9FFD482F71E12500307894 /* FutureAlarmWidgetExtension.entitlements */,
				AB9FCCC12F4F797000410048 /* MyAlarmApp */,
				AB05AE862F50302C009916D8 /* CountdownLiveActivity */,
				ABA409672F746F70006867F4 /* FutureAlarmWidget */,
				AB05AE812F50302C009916D8 /* Frameworks */,
				AB9FCCC02F4F797000410048 /* Products */,
			);
			sourceTree = "<group>";
		};
		AB9FCCC02F4F797000410048 /* Products */ = {
			isa = PBXGroup;
			children = (
				AB9FCCBF2F4F797000410048 /* MyAlarmApp.app */,
				AB05AE802F50302C009916D8 /* CountdownLiveActivityExtension.appex */,
				ABA409642F746F70006867F4 /* FutureAlarmWidgetExtension.appex */,
			);
			name = Products;
			sourceTree = "<group>";
		};
/* End PBXGroup section */

/* Begin PBXNativeTarget section */
		AB05AE7F2F50302C009916D8 /* CountdownLiveActivityExtension */ = {
			isa = PBXNativeTarget;
			buildConfigurationList = AB05AE962F50302C009916D8 /* Build configuration list for PBXNativeTarget "CountdownLiveActivityExtension" */;
			buildPhases = (
				AB05AE7C2F50302C009916D8 /* Sources */,
				AB05AE7D2F50302C009916D8 /* Frameworks */,
				AB05AE7E2F50302C009916D8 /* Resources */,
			);
			buildRules = (
			);
			dependencies = (
			);
			fileSystemSynchronizedGroups = (
				AB05AE862F50302C009916D8 /* CountdownLiveActivity */,
			);
			name = CountdownLiveActivityExtension;
			packageProductDependencies = (
			);
			productName = CountdownLiveActivityExtension;
			productReference = AB05AE802F50302C009916D8 /* CountdownLiveActivityExtension.appex */;
			productType = "com.apple.product-type.app-extension";
		};
		AB9FCCBE2F4F797000410048 /* MyAlarmApp */ = {
			isa = PBXNativeTarget;
			buildConfigurationList = AB9FCCCA2F4F797100410048 /* Build configuration list for PBXNativeTarget "MyAlarmApp" */;
			buildPhases = (
				AB9FCCBB2F4F797000410048 /* Sources */,
				AB9FCCBC2F4F797000410048 /* Frameworks */,
				AB9FCCBD2F4F797000410048 /* Resources */,
				AB05AE932F50302C009916D8 /* Embed Foundation Extensions */,
			);
			buildRules = (
			);
			dependencies = (
				AB05AE912F50302C009916D8 /* PBXTargetDependency */,
				ABA409702F746F70006867F4 /* PBXTargetDependency */,
			);
			fileSystemSynchronizedGroups = (
				AB9FCCC12F4F797000410048 /* MyAlarmApp */,
			);
			name = MyAlarmApp;
			packageProductDependencies = (
			);
			productName = MyAlarmApp;
			productReference = AB9FCCBF2F4F797000410048 /* MyAlarmApp.app */;
			productType = "com.apple.product-type.application";
		};
		ABA409632F746F70006867F4 /* FutureAlarmWidgetExtension */ = {
			isa = PBXNativeTarget;
			buildConfigurationList = ABA409722F746F70006867F4 /* Build configuration list for PBXNativeTarget "FutureAlarmWidgetExtension" */;
			buildPhases = (
				ABA409602F746F70006867F4 /* Sources */,
				ABA409612F746F70006867F4 /* Frameworks */,
				ABA409622F746F70006867F4 /* Resources */,
			);
			buildRules = (
			);
			dependencies = (
			);
			fileSystemSynchronizedGroups = (
				ABA409672F746F70006867F4 /* FutureAlarmWidget */,
			);
			name = FutureAlarmWidgetExtension;
			packageProductDependencies = (
			);
			productName = FutureAlarmWidgetExtension;
			productReference = ABA409642F746F70006867F4 /* FutureAlarmWidgetExtension.appex */;
			productType = "com.apple.product-type.app-extension";
		};
/* End PBXNativeTarget section */

/* Begin PBXProject section */
		AB9FCCB72F4F797000410048 /* Project object */ = {
			isa = PBXProject;
			attributes = {
				BuildIndependentTargetsInParallel = 1;
				LastSwiftUpdateCheck = 2620;
				LastUpgradeCheck = 2640;
				TargetAttributes = {
					AB05AE7F2F50302C009916D8 = {
						CreatedOnToolsVersion = 26.2;
					};
					AB9FCCBE2F4F797000410048 = {
						CreatedOnToolsVersion = 26.2;
					};
					ABA409632F746F70006867F4 = {
						CreatedOnToolsVersion = 26.2;
					};
				};
			};
			buildConfigurationList = AB9FCCBA2F4F797000410048 /* Build configuration list for PBXProject "MyAlarmApp" */;
			developmentRegion = en;
			hasScannedForEncodings = 0;
			knownRegions = (
				en,
				Base,
			);
			mainGroup = AB9FCCB62F4F797000410048;
			minimizedProjectReferenceProxies = 1;
			preferredProjectObjectVersion = 77;
			productRefGroup = AB9FCCC02F4F797000410048 /* Products */;
			projectDirPath = "";
			projectRoot = "";
			targets = (
				AB9FCCBE2F4F797000410048 /* MyAlarmApp */,
				AB05AE7F2F50302C009916D8 /* CountdownLiveActivityExtension */,
				ABA409632F746F70006867F4 /* FutureAlarmWidgetExtension */,
			);
		};
/* End PBXProject section */

/* Begin PBXResourcesBuildPhase section */
		AB05AE7E2F50302C009916D8 /* Resources */ = {
			isa = PBXResourcesBuildPhase;
			buildActionMask = 2147483647;
			files = (
			);
			runOnlyForDeploymentPostprocessing = 0;
		};
		AB9FCCBD2F4F797000410048 /* Resources */ = {
			isa = PBXResourcesBuildPhase;
			buildActionMask = 2147483647;
			files = (
			);
			runOnlyForDeploymentPostprocessing = 0;
		};
		ABA409622F746F70006867F4 /* Resources */ = {
			isa = PBXResourcesBuildPhase;
			buildActionMask = 2147483647;
			files = (
			);
			runOnlyForDeploymentPostprocessing = 0;
		};
/* End PBXResourcesBuildPhase section */

/* Begin PBXSourcesBuildPhase section */
		AB05AE7C2F50302C009916D8 /* Sources */ = {
			isa = PBXSourcesBuildPhase;
			buildActionMask = 2147483647;
			files = (
			);
			runOnlyForDeploymentPostprocessing = 0;
		};
		AB9FCCBB2F4F797000410048 /* Sources */ = {
			isa = PBXSourcesBuildPhase;
			buildActionMask = 2147483647;
			files = (
			);
			runOnlyForDeploymentPostprocessing = 0;
		};
		ABA409602F746F70006867F4 /* Sources */ = {
			isa = PBXSourcesBuildPhase;
			buildActionMask = 2147483647;
			files = (
			);
			runOnlyForDeploymentPostprocessing = 0;
		};
/* End PBXSourcesBuildPhase section */

/* Begin PBXTargetDependency section */
		AB05AE912F50302C009916D8 /* PBXTargetDependency */ = {
			isa = PBXTargetDependency;
			target = AB05AE7F2F50302C009916D8 /* CountdownLiveActivityExtension */;
			targetProxy = AB05AE902F50302C009916D8 /* PBXContainerItemProxy */;
		};
		ABA409702F746F70006867F4 /* PBXTargetDependency */ = {
			isa = PBXTargetDependency;
			target = ABA409632F746F70006867F4 /* FutureAlarmWidgetExtension */;
			targetProxy = ABA4096F2F746F70006867F4 /* PBXContainerItemProxy */;
		};
/* End PBXTargetDependency section */

/* Begin XCBuildConfiguration section */
		AB05AE942F50302C009916D8 /* Debug */ = {
			isa = XCBuildConfiguration;
			buildSettings = {
				ASSETCATALOG_COMPILER_GLOBAL_ACCENT_COLOR_NAME = AccentColor;
				ASSETCATALOG_COMPILER_WIDGET_BACKGROUND_COLOR_NAME = WidgetBackground;
				CODE_SIGN_ENTITLEMENTS = CountdownLiveActivityExtension.entitlements;
				CODE_SIGN_STYLE = Automatic;
				CURRENT_PROJECT_VERSION = 25;
				INFOPLIST_FILE = CountdownLiveActivity/Info.plist;
				INFOPLIST_KEY_CFBundleDisplayName = CountdownLiveActivity;
				INFOPLIST_KEY_NSHumanReadableCopyright = "";
				IPHONEOS_DEPLOYMENT_TARGET = 26.0;
				LD_RUNPATH_SEARCH_PATHS = (
					"$(inherited)",
					"@executable_path/Frameworks",
					"@executable_path/../../Frameworks",
				);
				MARKETING_VERSION = 1.0;
				PRODUCT_BUNDLE_IDENTIFIER = com.speshtalent.FutureAlarm26.CountdownLiveActivity;
				PRODUCT_NAME = "$(TARGET_NAME)";
				SKIP_INSTALL = YES;
				STRING_CATALOG_GENERATE_SYMBOLS = YES;
				SWIFT_APPROACHABLE_CONCURRENCY = YES;
				SWIFT_EMIT_LOC_STRINGS = YES;
				SWIFT_UPCOMING_FEATURE_MEMBER_IMPORT_VISIBILITY = YES;
				SWIFT_VERSION = 5.0;
				TARGETED_DEVICE_FAMILY = "1,2";
			};
			name = Debug;
		};
		AB05AE952F50302C009916D8 /* Release */ = {
			isa = XCBuildConfiguration;
			buildSettings = {
				ASSETCATALOG_COMPILER_GLOBAL_ACCENT_COLOR_NAME = AccentColor;
				ASSETCATALOG_COMPILER_WIDGET_BACKGROUND_COLOR_NAME = WidgetBackground;
				CODE_SIGN_ENTITLEMENTS = CountdownLiveActivityExtension.entitlements;
				CODE_SIGN_STYLE = Automatic;
				CURRENT_PROJECT_VERSION = 25;
				INFOPLIST_FILE = CountdownLiveActivity/Info.plist;
				INFOPLIST_KEY_CFBundleDisplayName = CountdownLiveActivity;
				INFOPLIST_KEY_NSHumanReadableCopyright = "";
				IPHONEOS_DEPLOYMENT_TARGET = 26.0;
				LD_RUNPATH_SEARCH_PATHS = (
					"$(inherited)",
					"@executable_path/Frameworks",
					"@executable_path/../../Frameworks",
				);
				MARKETING_VERSION = 1.0;
				PRODUCT_BUNDLE_IDENTIFIER = com.speshtalent.FutureAlarm26.CountdownLiveActivity;
				PRODUCT_NAME = "$(TARGET_NAME)";
				SKIP_INSTALL = YES;
				STRING_CATALOG_GENERATE_SYMBOLS = YES;
				SWIFT_APPROACHABLE_CONCURRENCY = YES;
				SWIFT_EMIT_LOC_STRINGS = YES;
				SWIFT_UPCOMING_FEATURE_MEMBER_IMPORT_VISIBILITY = YES;
				SWIFT_VERSION = 5.0;
				TARGETED_DEVICE_FAMILY = "1,2";
			};
			name = Release;
		};
		AB9FCCC82F4F797100410048 /* Debug */ = {
			isa = XCBuildConfiguration;
			buildSettings = {
				ALWAYS_SEARCH_USER_PATHS = NO;
				ASSETCATALOG_COMPILER_GENERATE_SWIFT_ASSET_SYMBOL_EXTENSIONS = YES;
				CLANG_ANALYZER_NONNULL = YES;
				CLANG_ANALYZER_NUMBER_OBJECT_CONVERSION = YES_AGGRESSIVE;
				CLANG_CXX_LANGUAGE_STANDARD = "gnu++20";
				CLANG_ENABLE_MODULES = YES;
				CLANG_ENABLE_OBJC_ARC = YES;
				CLANG_ENABLE_OBJC_WEAK = YES;
				CLANG_WARN_BLOCK_CAPTURE_AUTORELEASING = YES;
				CLANG_WARN_BOOL_CONVERSION = YES;
				CLANG_WARN_COMMA = YES;
				CLANG_WARN_CONSTANT_CONVERSION = YES;
				CLANG_WARN_DEPRECATED_OBJC_IMPLEMENTATIONS = YES;
				CLANG_WARN_DIRECT_OBJC_ISA_USAGE = YES_ERROR;
				CLANG_WARN_DOCUMENTATION_COMMENTS = YES;
				CLANG_WARN_EMPTY_BODY = YES;
				CLANG_WARN_ENUM_CONVERSION = YES;
				CLANG_WARN_INFINITE_RECURSION = YES;
				CLANG_WARN_INT_CONVERSION = YES;
				CLANG_WARN_NON_LITERAL_NULL_CONVERSION = YES;
				CLANG_WARN_OBJC_IMPLICIT_RETAIN_SELF = YES;
				CLANG_WARN_OBJC_LITERAL_CONVERSION = YES;
				CLANG_WARN_OBJC_ROOT_CLASS = YES_ERROR;
				CLANG_WARN_QUOTED_INCLUDE_IN_FRAMEWORK_HEADER = YES;
				CLANG_WARN_RANGE_LOOP_ANALYSIS = YES;
				CLANG_WARN_STRICT_PROTOTYPES = YES;
				CLANG_WARN_SUSPICIOUS_MOVE = YES;
				CLANG_WARN_UNGUARDED_AVAILABILITY = YES_AGGRESSIVE;
				CLANG_WARN_UNREACHABLE_CODE = YES;
				CLANG_WARN__DUPLICATE_METHOD_MATCH = YES;
				COPY_PHASE_STRIP = NO;
				CURRENT_PROJECT_VERSION = 25;
				DEBUG_INFORMATION_FORMAT = dwarf;
				DEVELOPMENT_TEAM = BK8PTBP6K2;
				ENABLE_STRICT_OBJC_MSGSEND = YES;
				ENABLE_TESTABILITY = YES;
				ENABLE_USER_SCRIPT_SANDBOXING = YES;
				GCC_C_LANGUAGE_STANDARD = gnu17;
				GCC_DYNAMIC_NO_PIC = NO;
				GCC_NO_COMMON_BLOCKS = YES;
				GCC_OPTIMIZATION_LEVEL = 0;
				GCC_PREPROCESSOR_DEFINITIONS = (
					"DEBUG=1",
					"$(inherited)",
				);
				GCC_WARN_64_TO_32_BIT_CONVERSION = YES;
				GCC_WARN_ABOUT_RETURN_TYPE = YES_ERROR;
				GCC_WARN_UNDECLARED_SELECTOR = YES;
				GCC_WARN_UNINITIALIZED_AUTOS = YES_AGGRESSIVE;
				GCC_WARN_UNUSED_FUNCTION = YES;
				GCC_WARN_UNUSED_VARIABLE = YES;
				IPHONEOS_DEPLOYMENT_TARGET = 26.2;
				LOCALIZATION_PREFERS_STRING_CATALOGS = YES;
				MTL_ENABLE_DEBUG_INFO = INCLUDE_SOURCE;
				MTL_FAST_MATH = YES;
				ONLY_ACTIVE_ARCH = YES;
				SDKROOT = iphoneos;
				STRING_CATALOG_GENERATE_SYMBOLS = YES;
				SWIFT_ACTIVE_COMPILATION_CONDITIONS = "DEBUG $(inherited)";
				SWIFT_OPTIMIZATION_LEVEL = "-Onone";
				VERSIONING_SYSTEM = "apple-generic";
			};
			name = Debug;
		};
		AB9FCCC92F4F797100410048 /* Release */ = {
			isa = XCBuildConfiguration;
			buildSettings = {
				ALWAYS_SEARCH_USER_PATHS = NO;
				ASSETCATALOG_COMPILER_GENERATE_SWIFT_ASSET_SYMBOL_EXTENSIONS = YES;
				CLANG_ANALYZER_NONNULL = YES;
				CLANG_ANALYZER_NUMBER_OBJECT_CONVERSION = YES_AGGRESSIVE;
				CLANG_CXX_LANGUAGE_STANDARD = "gnu++20";
				CLANG_ENABLE_MODULES = YES;
				CLANG_ENABLE_OBJC_ARC = YES;
				CLANG_ENABLE_OBJC_WEAK = YES;
				CLANG_WARN_BLOCK_CAPTURE_AUTORELEASING = YES;
				CLANG_WARN_BOOL_CONVERSION = YES;
				CLANG_WARN_COMMA = YES;
				CLANG_WARN_CONSTANT_CONVERSION = YES;
				CLANG_WARN_DEPRECATED_OBJC_IMPLEMENTATIONS = YES;
				CLANG_WARN_DIRECT_OBJC_ISA_USAGE = YES_ERROR;
				CLANG_WARN_DOCUMENTATION_COMMENTS = YES;
				CLANG_WARN_EMPTY_BODY = YES;
				CLANG_WARN_ENUM_CONVERSION = YES;
				CLANG_WARN_INFINITE_RECURSION = YES;
				CLANG_WARN_INT_CONVERSION = YES;
				CLANG_WARN_NON_LITERAL_NULL_CONVERSION = YES;
				CLANG_WARN_OBJC_IMPLICIT_RETAIN_SELF = YES;
				CLANG_WARN_OBJC_LITERAL_CONVERSION = YES;
				CLANG_WARN_OBJC_ROOT_CLASS = YES_ERROR;
				CLANG_WARN_QUOTED_INCLUDE_IN_FRAMEWORK_HEADER = YES;
				CLANG_WARN_RANGE_LOOP_ANALYSIS = YES;
				CLANG_WARN_STRICT_PROTOTYPES = YES;
				CLANG_WARN_SUSPICIOUS_MOVE = YES;
				CLANG_WARN_UNGUARDED_AVAILABILITY = YES_AGGRESSIVE;
				CLANG_WARN_UNREACHABLE_CODE = YES;
				CLANG_WARN__DUPLICATE_METHOD_MATCH = YES;
				COPY_PHASE_STRIP = NO;
				CURRENT_PROJECT_VERSION = 25;
				DEBUG_INFORMATION_FORMAT = "dwarf-with-dsym";
				DEVELOPMENT_TEAM = BK8PTBP6K2;
				ENABLE_NS_ASSERTIONS = NO;
				ENABLE_STRICT_OBJC_MSGSEND = YES;
				ENABLE_USER_SCRIPT_SANDBOXING = YES;
				GCC_C_LANGUAGE_STANDARD = gnu17;
				GCC_NO_COMMON_BLOCKS = YES;
				GCC_WARN_64_TO_32_BIT_CONVERSION = YES;
				GCC_WARN_ABOUT_RETURN_TYPE = YES_ERROR;
				GCC_WARN_UNDECLARED_SELECTOR = YES;
				GCC_WARN_UNINITIALIZED_AUTOS = YES_AGGRESSIVE;
				GCC_WARN_UNUSED_FUNCTION = YES;
				GCC_WARN_UNUSED_VARIABLE = YES;
				IPHONEOS_DEPLOYMENT_TARGET = 26.2;
				LOCALIZATION_PREFERS_STRING_CATALOGS = YES;
				MTL_ENABLE_DEBUG_INFO = NO;
				MTL_FAST_MATH = YES;
				SDKROOT = iphoneos;
				STRING_CATALOG_GENERATE_SYMBOLS = YES;
				SWIFT_COMPILATION_MODE = wholemodule;
				VALIDATE_PRODUCT = YES;
				VERSIONING_SYSTEM = "apple-generic";
			};
			name = Release;
		};
		AB9FCCCB2F4F797100410048 /* Debug */ = {
			isa = XCBuildConfiguration;
			buildSettings = {
				ASSETCATALOG_COMPILER_ALTERNATE_APPICON_NAMES = "AppIcon2 AppIcon3 AppIcon4 AppIcon5 AppIcon6 AppIcon7";
				ASSETCATALOG_COMPILER_APPICON_NAME = AppIcon;
				ASSETCATALOG_COMPILER_GLOBAL_ACCENT_COLOR_NAME = AccentColor;
				CODE_SIGN_ENTITLEMENTS = MyAlarmApp/MyAlarmApp.entitlements;
				CODE_SIGN_IDENTITY = "Apple Development";
				CODE_SIGN_STYLE = Automatic;
				CURRENT_PROJECT_VERSION = 25;
				ENABLE_PREVIEWS = YES;
				INFOPLIST_FILE = MyAlarmApp/Info.plist;
				INFOPLIST_KEY_CFBundleDisplayName = "Date Alarm";
				INFOPLIST_KEY_NSCalendarsFullAccessUsageDescription = "Date Alarm needs calendar access to add your alarms to your calendar.";
				INFOPLIST_KEY_NSMicrophoneUsageDescription = "Date Alarm needs microphone access to record voice messages for alarms.";
				INFOPLIST_KEY_NSSiriUsageDescription = "Date Alarm uses Siri to set date alarms with your voice.";
				INFOPLIST_KEY_NSSupportsLiveActivities = YES;
				INFOPLIST_KEY_UIApplicationSceneManifest_Generation = YES;
				INFOPLIST_KEY_UIApplicationSupportsIndirectInputEvents = YES;
				INFOPLIST_KEY_UILaunchScreen_Generation = YES;
				INFOPLIST_KEY_UISupportedInterfaceOrientations_iPad = "UIInterfaceOrientationPortrait UIInterfaceOrientationPortraitUpsideDown UIInterfaceOrientationLandscapeLeft UIInterfaceOrientationLandscapeRight";
				INFOPLIST_KEY_UISupportedInterfaceOrientations_iPhone = "UIInterfaceOrientationPortrait UIInterfaceOrientationLandscapeLeft UIInterfaceOrientationLandscapeRight";
				IPHONEOS_DEPLOYMENT_TARGET = 26.0;
				LD_RUNPATH_SEARCH_PATHS = (
					"$(inherited)",
					"@executable_path/Frameworks",
				);
				MARKETING_VERSION = 1.1;
				PRODUCT_BUNDLE_IDENTIFIER = com.speshtalent.FutureAlarm26;
				PRODUCT_NAME = "$(TARGET_NAME)";
				PROVISIONING_PROFILE_SPECIFIER = "";
				STRING_CATALOG_GENERATE_SYMBOLS = YES;
				SWIFT_APPROACHABLE_CONCURRENCY = YES;
				SWIFT_DEFAULT_ACTOR_ISOLATION = MainActor;
				SWIFT_EMIT_LOC_STRINGS = YES;
				SWIFT_UPCOMING_FEATURE_MEMBER_IMPORT_VISIBILITY = YES;
				SWIFT_VERSION = 5.0;
				TARGETED_DEVICE_FAMILY = "1,2";
			};
			name = Debug;
		};
		AB9FCCCC2F4F797100410048 /* Release */ = {
			isa = XCBuildConfiguration;
			buildSettings = {
				ASSETCATALOG_COMPILER_ALTERNATE_APPICON_NAMES = "AppIcon2 AppIcon3 AppIcon4 AppIcon5 AppIcon6 AppIcon7";
				ASSETCATALOG_COMPILER_APPICON_NAME = AppIcon;
				ASSETCATALOG_COMPILER_GLOBAL_ACCENT_COLOR_NAME = AccentColor;
				CODE_SIGN_ENTITLEMENTS = MyAlarmApp/MyAlarmApp.entitlements;
				CODE_SIGN_IDENTITY = "Apple Development";
				CODE_SIGN_STYLE = Automatic;
				CURRENT_PROJECT_VERSION = 25;
				ENABLE_PREVIEWS = YES;
				INFOPLIST_FILE = MyAlarmApp/Info.plist;
				INFOPLIST_KEY_CFBundleDisplayName = "Date Alarm";
				INFOPLIST_KEY_NSCalendarsFullAccessUsageDescription = "Date Alarm needs calendar access to add your alarms to your calendar.";
				INFOPLIST_KEY_NSMicrophoneUsageDescription = "Date Alarm needs microphone access to record voice messages for alarms.";
				INFOPLIST_KEY_NSSiriUsageDescription = "Date Alarm uses Siri to set date alarms with your voice.";
				INFOPLIST_KEY_NSSupportsLiveActivities = YES;
				INFOPLIST_KEY_UIApplicationSceneManifest_Generation = YES;
				INFOPLIST_KEY_UIApplicationSupportsIndirectInputEvents = YES;
				INFOPLIST_KEY_UILaunchScreen_Generation = YES;
				INFOPLIST_KEY_UISupportedInterfaceOrientations_iPad = "UIInterfaceOrientationPortrait UIInterfaceOrientationPortraitUpsideDown UIInterfaceOrientationLandscapeLeft UIInterfaceOrientationLandscapeRight";
				INFOPLIST_KEY_UISupportedInterfaceOrientations_iPhone = "UIInterfaceOrientationPortrait UIInterfaceOrientationLandscapeLeft UIInterfaceOrientationLandscapeRight";
				IPHONEOS_DEPLOYMENT_TARGET = 26.0;
				LD_RUNPATH_SEARCH_PATHS = (
					"$(inherited)",
					"@executable_path/Frameworks",
				);
				MARKETING_VERSION = 1.1;
				PRODUCT_BUNDLE_IDENTIFIER = com.speshtalent.FutureAlarm26;
				PRODUCT_NAME = "$(TARGET_NAME)";
				PROVISIONING_PROFILE_SPECIFIER = "";
				STRING_CATALOG_GENERATE_SYMBOLS = YES;
				SWIFT_APPROACHABLE_CONCURRENCY = YES;
				SWIFT_DEFAULT_ACTOR_ISOLATION = MainActor;
				SWIFT_EMIT_LOC_STRINGS = YES;
				SWIFT_UPCOMING_FEATURE_MEMBER_IMPORT_VISIBILITY = YES;
				SWIFT_VERSION = 5.0;
				TARGETED_DEVICE_FAMILY = "1,2";
			};
			name = Release;
		};
		ABA409732F746F70006867F4 /* Debug */ = {
			isa = XCBuildConfiguration;
			buildSettings = {
				ASSETCATALOG_COMPILER_GLOBAL_ACCENT_COLOR_NAME = AccentColor;
				ASSETCATALOG_COMPILER_WIDGET_BACKGROUND_COLOR_NAME = WidgetBackground;
				CODE_SIGN_ENTITLEMENTS = FutureAlarmWidgetExtension.entitlements;
				CODE_SIGN_IDENTITY = "Apple Development";
				CODE_SIGN_STYLE = Automatic;
				CURRENT_PROJECT_VERSION = 25;
				INFOPLIST_FILE = FutureAlarmWidget/Info.plist;
				INFOPLIST_KEY_CFBundleDisplayName = DateAlarmWidget;
				INFOPLIST_KEY_NSHumanReadableCopyright = "";
				IPHONEOS_DEPLOYMENT_TARGET = 26.0;
				LD_RUNPATH_SEARCH_PATHS = (
					"$(inherited)",
					"@executable_path/Frameworks",
					"@executable_path/../../Frameworks",
				);
				MARKETING_VERSION = 1.0;
				PRODUCT_BUNDLE_IDENTIFIER = com.speshtalent.FutureAlarm26.FutureAlarmWidget;
				PRODUCT_NAME = "$(TARGET_NAME)";
				PROVISIONING_PROFILE_SPECIFIER = "";
				SKIP_INSTALL = YES;
				STRING_CATALOG_GENERATE_SYMBOLS = YES;
				SWIFT_APPROACHABLE_CONCURRENCY = YES;
				SWIFT_EMIT_LOC_STRINGS = YES;
				SWIFT_UPCOMING_FEATURE_MEMBER_IMPORT_VISIBILITY = YES;
				SWIFT_VERSION = 5.0;
				TARGETED_DEVICE_FAMILY = "1,2";
			};
			name = Debug;
		};
		ABA409742F746F70006867F4 /* Release */ = {
			isa = XCBuildConfiguration;
			buildSettings = {
				ASSETCATALOG_COMPILER_GLOBAL_ACCENT_COLOR_NAME = AccentColor;
				ASSETCATALOG_COMPILER_WIDGET_BACKGROUND_COLOR_NAME = WidgetBackground;
				CODE_SIGN_ENTITLEMENTS = FutureAlarmWidgetExtension.entitlements;
				CODE_SIGN_IDENTITY = "Apple Development";
				CODE_SIGN_STYLE = Automatic;
				CURRENT_PROJECT_VERSION = 25;
				INFOPLIST_FILE = FutureAlarmWidget/Info.plist;
				INFOPLIST_KEY_CFBundleDisplayName = DateAlarmWidget;
				INFOPLIST_KEY_NSHumanReadableCopyright = "";
				IPHONEOS_DEPLOYMENT_TARGET = 26.0;
				LD_RUNPATH_SEARCH_PATHS = (
					"$(inherited)",
					"@executable_path/Frameworks",
					"@executable_path/../../Frameworks",
				);
				MARKETING_VERSION = 1.0;
				PRODUCT_BUNDLE_IDENTIFIER = com.speshtalent.FutureAlarm26.FutureAlarmWidget;
				PRODUCT_NAME = "$(TARGET_NAME)";
				PROVISIONING_PROFILE_SPECIFIER = "";
				SKIP_INSTALL = YES;
				STRING_CATALOG_GENERATE_SYMBOLS = YES;
				SWIFT_APPROACHABLE_CONCURRENCY = YES;
				SWIFT_EMIT_LOC_STRINGS = YES;
				SWIFT_UPCOMING_FEATURE_MEMBER_IMPORT_VISIBILITY = YES;
				SWIFT_VERSION = 5.0;
				TARGETED_DEVICE_FAMILY = "1,2";
			};
			name = Release;
		};
/* End XCBuildConfiguration section */

/* Begin XCConfigurationList section */
		AB05AE962F50302C009916D8 /* Build configuration list for PBXNativeTarget "CountdownLiveActivityExtension" */ = {
			isa = XCConfigurationList;
			buildConfigurations = (
				AB05AE942F50302C009916D8 /* Debug */,
				AB05AE952F50302C009916D8 /* Release */,
			);
			defaultConfigurationIsVisible = 0;
			defaultConfigurationName = Release;
		};
		AB9FCCBA2F4F797000410048 /* Build configuration list for PBXProject "MyAlarmApp" */ = {
			isa = XCConfigurationList;
			buildConfigurations = (
				AB9FCCC82F4F797100410048 /* Debug */,
				AB9FCCC92F4F797100410048 /* Release */,
			);
			defaultConfigurationIsVisible = 0;
			defaultConfigurationName = Release;
		};
		AB9FCCCA2F4F797100410048 /* Build configuration list for PBXNativeTarget "MyAlarmApp" */ = {
			isa = XCConfigurationList;
			buildConfigurations = (
				AB9FCCCB2F4F797100410048 /* Debug */,
				AB9FCCCC2F4F797100410048 /* Release */,
			);
			defaultConfigurationIsVisible = 0;
			defaultConfigurationName = Release;
		};
		ABA409722F746F70006867F4 /* Build configuration list for PBXNativeTarget "FutureAlarmWidgetExtension" */ = {
			isa = XCConfigurationList;
			buildConfigurations = (
				ABA409732F746F70006867F4 /* Debug */,
				ABA409742F746F70006867F4 /* Release */,
			);
			defaultConfigurationIsVisible = 0;
			defaultConfigurationName = Release;
		};
/* End XCConfigurationList section */
	};
	rootObject = AB9FCCB72F4F797000410048 /* Project object */;
}
